
Microsoft Visual Studio Solution File, Format Version 12.00
# Visual Studio 15
VisualStudioVersion = 15.0.27004.2010
MinimumVisualStudioVersion = 10.0.40219.1
Project("{FAE04EC0-301F-11D3-BF4B-00C04F79EFBC}") = "SwaggerWcf", "SwaggerWcf\SwaggerWcf.csproj", "{0AD6EFBC-412F-4C0E-8E0A-0FAF28151B55}"
EndProject
Project("{2150E333-8FDC-42A3-9474-1A3956D46DE8}") = "Solution Items", "Solution Items", "{479EF2BE-93C9-4DE8-ACDD-538BB2203DB4}"
	ProjectSection(SolutionItems) = preProject
		..\README.md = ..\README.md
		..\notes\spec-2.0.md = ..\notes\spec-2.0.md
	EndProjectSection
EndProject
Project("{FAE04EC0-301F-11D3-BF4B-00C04F79EFBC}") = "SwaggerWcf.Test.Service", "SwaggerWcf.Test.Service\SwaggerWcf.Test.Service.csproj", "{FD02752A-614D-4FAF-8994-519C754107B1}"
EndProject
Project("{FAE04EC0-301F-11D3-BF4B-00C04F79EFBC}") = "SwaggerWcf.AutoGenerate.Test", "SwaggerWcf.AutoGenerate.Test\SwaggerWcf.AutoGenerate.Test.csproj", "{DADDBDBD-78FA-4844-AA36-629B92087EAB}"
EndProject
Global
	GlobalSection(SolutionConfigurationPlatforms) = preSolution
		Debug|Any CPU = Debug|Any CPU
		Release|Any CPU = Release|Any CPU
	EndGlobalSection
	GlobalSection(ProjectConfigurationPlatforms) = postSolution
		{0AD6EFBC-412F-4C0E-8E0A-0FAF28151B55}.Debug|Any CPU.ActiveCfg = Debug|Any CPU
		{0AD6EFBC-412F-4C0E-8E0A-0FAF28151B55}.Debug|Any CPU.Build.0 = Debug|Any CPU
		{0AD6EFBC-412F-4C0E-8E0A-0FAF28151B55}.Release|Any CPU.ActiveCfg = Release|Any CPU
		{0AD6EFBC-412F-4C0E-8E0A-0FAF28151B55}.Release|Any CPU.Build.0 = Release|Any CPU
		{FD02752A-614D-4FAF-8994-519C754107B1}.Debug|Any CPU.ActiveCfg = Debug|Any CPU
		{FD02752A-614D-4FAF-8994-519C754107B1}.Debug|Any CPU.Build.0 = Debug|Any CPU
		{FD02752A-614D-4FAF-8994-519C754107B1}.Release|Any CPU.ActiveCfg = Release|Any CPU
		{FD02752A-614D-4FAF-8994-519C754107B1}.Release|Any CPU.Build.0 = Release|Any CPU
		{DADDBDBD-78FA-4844-AA36-629B92087EAB}.Debug|Any CPU.ActiveCfg = Debug|Any CPU
		{DADDBDBD-78FA-4844-AA36-629B92087EAB}.Debug|Any CPU.Build.0 = Debug|Any CPU
		{DADDBDBD-78FA-4844-AA36-629B92087EAB}.Release|Any CPU.ActiveCfg = Release|Any CPU
		{DADDBDBD-78FA-4844-AA36-629B92087EAB}.Release|Any CPU.Build.0 = Release|Any CPU
	EndGlobalSection
	GlobalSection(SolutionProperties) = preSolution
		HideSolutionNode = FALSE
	EndGlobalSection
	GlobalSection(ExtensibilityGlobals) = postSolution
		SolutionGuid = {0A19D92F-5B4E-499D-8EB7-54F23104FE0A}
	EndGlobalSection
EndGlobal
